
Microsoft Visual Studio Solution File, Format Version 12.00
# Visual Studio Version 16
VisualStudioVersion = 16.0.30804.86
MinimumVisualStudioVersion = 10.0.40219.1
Project("{FAE04EC0-301F-11D3-BF4B-00C04F79EFBC}") = "der-gierige-backpacker", "der-gierige-backpacker\der-gierige-backpacker.csproj", "{0FA38FDB-E2FC-4CF9-AC00-91458D7D786F}"
EndProject
Global
	GlobalSection(SolutionConfigurationPlatforms) = preSolution
		Debug|Any CPU = Debug|Any CPU
		Release|Any CPU = Release|Any CPU
	EndGlobalSection
	GlobalSection(ProjectConfigurationPlatforms) = postSolution
		{0FA38FDB-E2FC-4CF9-AC00-91458D7D786F}.Debug|Any CPU.ActiveCfg = Debug|Any CPU
		{0FA38FDB-E2FC-4CF9-AC00-91458D7D786F}.Debug|Any CPU.Build.0 = Debug|Any CPU
		{0FA38FDB-E2FC-4CF9-AC00-91458D7D786F}.Release|Any CPU.ActiveCfg = Release|Any CPU
		{0FA38FDB-E2FC-4CF9-AC00-91458D7D786F}.Release|Any CPU.Build.0 = Release|Any CPU
	EndGlobalSection
	GlobalSection(SolutionProperties) = preSolution
		HideSolutionNode = FALSE
	EndGlobalSection
	GlobalSection(ExtensibilityGlobals) = postSolution
		SolutionGuid = {C57DBEB7-949B-4384-9A59-B081ECBF843E}
	EndGlobalSection
EndGlobal
